
Microsoft Visual Studio Solution File, Format Version 12.00
# Visual Studio Version 16
VisualStudioVersion = 16.0.31729.503
MinimumVisualStudioVersion = 10.0.40219.1
Project("{FAE04EC0-301F-11D3-BF4B-00C04F79EFBC}") = "2022-03-09-bz", "2022-03-09-bz\2022-03-09-bz.csproj", "{E3246DAE-F295-4072-95A3-60D19031F3A6}"
EndProject
Global
	GlobalSection(SolutionConfigurationPlatforms) = preSolution
		Debug|Any CPU = Debug|Any CPU
		Release|Any CPU = Release|Any CPU
	EndGlobalSection
	GlobalSection(ProjectConfigurationPlatforms) = postSolution
		{E3246DAE-F295-4072-95A3-60D19031F3A6}.Debug|Any CPU.ActiveCfg = Debug|Any CPU
		{E3246DAE-F295-4072-95A3-60D19031F3A6}.Debug|Any CPU.Build.0 = Debug|Any CPU
		{E3246DAE-F295-4072-95A3-60D19031F3A6}.Release|Any CPU.ActiveCfg = Release|Any CPU
		{E3246DAE-F295-4072-95A3-60D19031F3A6}.Release|Any CPU.Build.0 = Release|Any CPU
	EndGlobalSection
	GlobalSection(SolutionProperties) = preSolution
		HideSolutionNode = FALSE
	EndGlobalSection
	GlobalSection(ExtensibilityGlobals) = postSolution
		SolutionGuid = {CB7259CE-25AA-403C-9163-D386713AC569}
	EndGlobalSection
EndGlobal
